# This file is automatically @generated by Cargo.
# It is not intended for manual editing.
[[package]]
name = "adler"
version = "0.2.3"
source = "registry+https://github.com/rust-lang/crates.io-index"
checksum = "ee2a4ec343196209d6594e19543ae87a39f96d5534d7174822a3ad825dd6ed7e"

[[package]]
name = "adler32"
version = "1.2.0"
source = "registry+https://github.com/rust-lang/crates.io-index"
checksum = "aae1277d39aeec15cb388266ecc24b11c80469deae6067e17a1a7aa9e5c1f234"

[[package]]
name = "aho-corasick"
version = "0.7.15"
source = "registry+https://github.com/rust-lang/crates.io-index"
checksum = "7404febffaa47dac81aa44dba71523c9d069b1bdc50a77db41195149e17f68e5"
dependencies = [
 "memchr",
]

[[package]]
name = "ansi_term"
version = "0.11.0"
source = "registry+https://github.com/rust-lang/crates.io-index"
checksum = "ee49baf6cb617b853aa8d93bf420db2383fab46d314482ca2803b40d5fde979b"
dependencies = [
 "winapi",
]

[[package]]
name = "anyhow"
version = "1.0.34"
source = "registry+https://github.com/rust-lang/crates.io-index"
checksum = "bf8dcb5b4bbaa28653b647d8c77bd4ed40183b48882e130c1f1ffb73de069fd7"

[[package]]
name = "atty"
version = "0.2.14"
source = "registry+https://github.com/rust-lang/crates.io-index"
checksum = "d9b39be18770d11421cdb1b9947a45dd3f37e93092cbf377614828a319d5fee8"
dependencies = [
 "hermit-abi",
 "libc",
 "winapi",
]

[[package]]
name = "autocfg"
version = "1.0.1"
source = "registry+https://github.com/rust-lang/crates.io-index"
checksum = "cdb031dd78e28731d87d56cc8ffef4a8f36ca26c38fe2de700543e627f8a464a"

[[package]]
name = "base64"
version = "0.13.0"
source = "registry+https://github.com/rust-lang/crates.io-index"
checksum = "904dfeac50f3cdaba28fc6f57fdcddb75f49ed61346676a78c4ffe55877802fd"

[[package]]
name = "bitfield"
version = "0.13.2"
source = "registry+https://github.com/rust-lang/crates.io-index"
checksum = "46afbd2983a5d5a7bd740ccb198caf5b82f45c40c09c0eed36052d91cb92e719"

[[package]]
name = "bitflags"
version = "1.2.1"
source = "registry+https://github.com/rust-lang/crates.io-index"
checksum = "cf1de2fe8c75bc145a2f577add951f8134889b4795d47466a54a5c846d691693"

[[package]]
name = "bitvec"
version = "0.17.4"
source = "registry+https://github.com/rust-lang/crates.io-index"
checksum = "41262f11d771fd4a61aa3ce019fca363b4b6c282fca9da2a31186d3965a47a5c"
dependencies = [
 "either",
 "radium",
]

[[package]]
name = "byteorder"
version = "1.3.4"
source = "registry+https://github.com/rust-lang/crates.io-index"
checksum = "08c48aae112d48ed9f069b33538ea9e3e90aa263cfa3d1c24309612b1f7472de"

[[package]]
name = "cargo-flash"
version = "0.9.0"
dependencies = [
 "anyhow",
 "colored",
 "env_logger",
 "indicatif",
 "lazy_static",
 "log",
 "probe-rs 0.9.0 (git+https://github.com/probe-rs/probe-rs)",
 "probe-rs-cli-util",
 "structopt",
]

[[package]]
name = "cargo_metadata"
version = "0.12.0"
source = "registry+https://github.com/rust-lang/crates.io-index"
checksum = "d5a5f7b42f606b7f23674f6f4d877628350682bc40687d3fae65679a58d55345"
dependencies = [
 "semver",
 "serde",
 "serde_json",
]

[[package]]
name = "cargo_toml"
version = "0.8.1"
source = "registry+https://github.com/rust-lang/crates.io-index"
checksum = "513d17226888c7b8283ac02a1c1b0d8a9d4cbf6db65dfadb79f598f5d7966fe9"
dependencies = [
 "serde",
 "serde_derive",
 "toml",
]

[[package]]
name = "cc"
version = "1.0.62"
source = "registry+https://github.com/rust-lang/crates.io-index"
checksum = "f1770ced377336a88a67c473594ccc14eca6f4559217c34f64aac8f83d641b40"

[[package]]
name = "cfg-if"
version = "0.1.10"
source = "registry+https://github.com/rust-lang/crates.io-index"
checksum = "4785bdd1c96b2a846b2bd7cc02e86b6b3dbf14e7e53446c4f54c92a361040822"

[[package]]
name = "cfg-if"
version = "1.0.0"
source = "registry+https://github.com/rust-lang/crates.io-index"
checksum = "baf1de4339761588bc0619e3cbc0120ee582ebb74b53b4efbf79117bd2da40fd"

[[package]]
name = "clap"
version = "2.33.3"
source = "registry+https://github.com/rust-lang/crates.io-index"
checksum = "37e58ac78573c40708d45522f0d80fa2f01cc4f9b4e2bf749807255454312002"
dependencies = [
 "ansi_term",
 "atty",
 "bitflags",
 "strsim",
 "textwrap",
 "unicode-width",
 "vec_map",
]

[[package]]
name = "colored"
version = "2.0.0"
source = "registry+https://github.com/rust-lang/crates.io-index"
checksum = "b3616f750b84d8f0de8a58bda93e08e2a81ad3f523089b05f1dffecab48c6cbd"
dependencies = [
 "atty",
 "lazy_static",
 "winapi",
]

[[package]]
name = "console"
version = "0.13.0"
source = "registry+https://github.com/rust-lang/crates.io-index"
checksum = "a50aab2529019abfabfa93f1e6c41ef392f91fbf179b347a7e96abb524884a08"
dependencies = [
 "encode_unicode",
 "lazy_static",
 "libc",
 "regex",
 "terminal_size",
 "unicode-width",
 "winapi",
 "winapi-util",
]

[[package]]
name = "crc32fast"
version = "1.2.1"
source = "registry+https://github.com/rust-lang/crates.io-index"
checksum = "81156fece84ab6a9f2afdb109ce3ae577e42b1228441eded99bd77f627953b1a"
dependencies = [
 "cfg-if 1.0.0",
]

[[package]]
name = "dtoa"
version = "0.4.6"
source = "registry+https://github.com/rust-lang/crates.io-index"
checksum = "134951f4028bdadb9b84baf4232681efbf277da25144b9b0ad65df75946c422b"

[[package]]
name = "either"
version = "1.6.1"
source = "registry+https://github.com/rust-lang/crates.io-index"
checksum = "e78d4f1cc4ae33bbfc157ed5d5a5ef3bc29227303d595861deb238fcec4e9457"

[[package]]
name = "encode_unicode"
version = "0.3.6"
source = "registry+https://github.com/rust-lang/crates.io-index"
checksum = "a357d28ed41a50f9c765dbfe56cbc04a64e53e5fc58ba79fbc34c10ef3df831f"

[[package]]
name = "enum-primitive-derive"
version = "0.2.1"
source = "registry+https://github.com/rust-lang/crates.io-index"
checksum = "5f52288f9a7ebb08959188872b58e7eaa12af9cb47da8e94158e16da7e143340"
dependencies = [
 "num-traits",
 "quote",
 "syn",
]

[[package]]
name = "env_logger"
version = "0.8.1"
source = "registry+https://github.com/rust-lang/crates.io-index"
checksum = "54532e3223c5af90a6a757c90b5c5521564b07e5e7a958681bcd2afad421cdcd"
dependencies = [
 "atty",
 "humantime",
 "log",
 "regex",
 "termcolor",
]

[[package]]
name = "fallible-iterator"
version = "0.2.0"
source = "registry+https://github.com/rust-lang/crates.io-index"
checksum = "4443176a9f2c162692bd3d352d745ef9413eec5782a80d8fd6f8a1ac692a07f7"

[[package]]
name = "filetime"
version = "0.2.13"
source = "registry+https://github.com/rust-lang/crates.io-index"
checksum = "0c122a393ea57648015bf06fbd3d372378992e86b9ff5a7a497b076a28c79efe"
dependencies = [
 "cfg-if 1.0.0",
 "libc",
 "redox_syscall",
 "winapi",
]

[[package]]
name = "flate2"
version = "1.0.19"
source = "registry+https://github.com/rust-lang/crates.io-index"
checksum = "7411863d55df97a419aa64cb4d2f167103ea9d767e2c54a1868b7ac3f6b47129"
dependencies = [
 "cfg-if 1.0.0",
 "crc32fast",
 "libc",
 "miniz_oxide",
]

[[package]]
name = "gimli"
version = "0.22.0"
source = "registry+https://github.com/rust-lang/crates.io-index"
checksum = "aaf91faf136cb47367fa430cd46e37a788775e7fa104f8b4bcb3861dc389b724"
dependencies = [
 "fallible-iterator",
 "indexmap",
 "stable_deref_trait",
]

[[package]]
name = "gimli"
version = "0.23.0"
source = "registry+https://github.com/rust-lang/crates.io-index"
checksum = "f6503fe142514ca4799d4c26297c4248239fe8838d827db6bd6065c6ed29a6ce"
dependencies = [
 "fallible-iterator",
 "indexmap",
 "stable_deref_trait",
]

[[package]]
name = "goblin"
version = "0.2.3"
source = "registry+https://github.com/rust-lang/crates.io-index"
checksum = "d20fd25aa456527ce4f544271ae4fea65d2eda4a6561ea56f39fb3ee4f7e3884"
dependencies = [
 "log",
 "plain",
 "scroll",
]

[[package]]
name = "hashbrown"
version = "0.9.1"
source = "registry+https://github.com/rust-lang/crates.io-index"
checksum = "d7afe4a420e3fe79967a00898cc1f4db7c8a49a9333a29f8a4bd76a253d5cd04"

[[package]]
name = "heck"
version = "0.3.1"
source = "registry+https://github.com/rust-lang/crates.io-index"
checksum = "20564e78d53d2bb135c343b3f47714a56af2061f1c928fdb541dc7b9fdd94205"
dependencies = [
 "unicode-segmentation",
]

[[package]]
name = "hermit-abi"
version = "0.1.17"
source = "registry+https://github.com/rust-lang/crates.io-index"
checksum = "5aca5565f760fb5b220e499d72710ed156fdb74e631659e99377d9ebfbd13ae8"
dependencies = [
 "libc",
]

[[package]]
name = "hidapi"
version = "1.2.3"
source = "registry+https://github.com/rust-lang/crates.io-index"
checksum = "5c6ffb97f2ec5835ec73bcea5256fc2cd57a13c5958230778ef97f11900ba661"
dependencies = [
 "cc",
 "libc",
 "pkg-config",
]

[[package]]
name = "humantime"
version = "2.0.1"
source = "registry+https://github.com/rust-lang/crates.io-index"
checksum = "3c1ad908cc71012b7bea4d0c53ba96a8cba9962f048fa68d143376143d863b7a"

[[package]]
name = "ihex"
version = "3.0.0"
source = "registry+https://github.com/rust-lang/crates.io-index"
checksum = "365a784774bb381e8c19edb91190a90d7f2625e057b55de2bc0f6b57bc779ff2"

[[package]]
name = "indexmap"
version = "1.6.0"
source = "registry+https://github.com/rust-lang/crates.io-index"
checksum = "55e2e4c765aa53a0424761bf9f41aa7a6ac1efa87238f59560640e27fca028f2"
dependencies = [
 "autocfg",
 "hashbrown",
]

[[package]]
name = "indicatif"
version = "0.15.0"
source = "registry+https://github.com/rust-lang/crates.io-index"
checksum = "7baab56125e25686df467fe470785512329883aab42696d661247aca2a2896e4"
dependencies = [
 "console",
 "lazy_static",
 "number_prefix",
 "regex",
]

[[package]]
name = "itoa"
version = "0.4.6"
source = "registry+https://github.com/rust-lang/crates.io-index"
checksum = "dc6f3ad7b9d11a0c00842ff8de1b60ee58661048eb8049ed33c73594f359d7e6"

[[package]]
name = "jaylink"
version = "0.1.5"
source = "registry+https://github.com/rust-lang/crates.io-index"
checksum = "e04098e968466cf76f8e5f34f890a3dfde1571aa9df80a3b229c3b002425c859"
dependencies = [
 "bitflags",
 "byteorder",
 "log",
 "rusb",
]

[[package]]
name = "jep106"
version = "0.2.4"
source = "registry+https://github.com/rust-lang/crates.io-index"
checksum = "f57cd08ee4fbc8043949150a59e34ea5f2afeb172f875db9607689e48600c653"
dependencies = [
 "serde",
]

[[package]]
name = "lazy_static"
version = "1.4.0"
source = "registry+https://github.com/rust-lang/crates.io-index"
checksum = "e2abad23fbc42b3700f2f279844dc832adb2b2eb069b2df918f455c4e18cc646"

[[package]]
name = "libc"
version = "0.2.80"
source = "registry+https://github.com/rust-lang/crates.io-index"
checksum = "4d58d1b70b004888f764dfbf6a26a3b0342a1632d33968e4a179d8011c760614"

[[package]]
name = "libflate"
version = "1.0.3"
source = "registry+https://github.com/rust-lang/crates.io-index"
checksum = "389de7875e06476365974da3e7ff85d55f1972188ccd9f6020dd7c8156e17914"
dependencies = [
 "adler32",
 "crc32fast",
 "libflate_lz77",
 "rle-decode-fast",
]

[[package]]
name = "libflate_lz77"
version = "1.0.0"
source = "registry+https://github.com/rust-lang/crates.io-index"
checksum = "3286f09f7d4926fc486334f28d8d2e6ebe4f7f9994494b6dab27ddfad2c9b11b"

[[package]]
name = "libusb1-sys"
version = "0.4.2"
source = "registry+https://github.com/rust-lang/crates.io-index"
checksum = "1f02e930161703cc97c0aab3a905feb9740db03a80910f31ab0f8fa309223f39"
dependencies = [
 "cc",
 "libc",
 "libflate",
 "pkg-config",
 "tar",
 "vcpkg",
]

[[package]]
name = "linked-hash-map"
version = "0.5.3"
source = "registry+https://github.com/rust-lang/crates.io-index"
checksum = "8dd5a6d5999d9907cda8ed67bbd137d3af8085216c2ac62de5be860bd41f304a"

[[package]]
name = "log"
version = "0.4.11"
source = "registry+https://github.com/rust-lang/crates.io-index"
checksum = "4fabed175da42fed1fa0746b0ea71f412aa9d35e76e95e59b192c64b9dc2bf8b"
dependencies = [
 "cfg-if 0.1.10",
]

[[package]]
name = "memchr"
version = "2.3.4"
source = "registry+https://github.com/rust-lang/crates.io-index"
checksum = "0ee1c47aaa256ecabcaea351eae4a9b01ef39ed810004e298d2511ed284b1525"

[[package]]
name = "miniz_oxide"
version = "0.4.3"
source = "registry+https://github.com/rust-lang/crates.io-index"
checksum = "0f2d26ec3309788e423cfbf68ad1800f061638098d76a83681af979dc4eda19d"
dependencies = [
 "adler",
 "autocfg",
]

[[package]]
name = "num-traits"
version = "0.2.14"
source = "registry+https://github.com/rust-lang/crates.io-index"
checksum = "9a64b1ec5cda2586e284722486d802acf1f7dbdc623e2bfc57e65ca1cd099290"
dependencies = [
 "autocfg",
]

[[package]]
name = "number_prefix"
version = "0.3.0"
source = "registry+https://github.com/rust-lang/crates.io-index"
checksum = "17b02fc0ff9a9e4b35b3342880f48e896ebf69f2967921fe8646bf5b7125956a"

[[package]]
name = "object"
version = "0.21.1"
source = "registry+https://github.com/rust-lang/crates.io-index"
checksum = "37fd5004feb2ce328a52b0b3d01dbf4ffff72583493900ed15f22d4111c51693"
dependencies = [
 "flate2",
 "wasmparser",
]

[[package]]
name = "object"
version = "0.22.0"
source = "registry+https://github.com/rust-lang/crates.io-index"
checksum = "8d3b63360ec3cb337817c2dbd47ab4a0f170d285d8e5a2064600f3def1402397"
dependencies = [
 "flate2",
 "wasmparser",
]

[[package]]
name = "pest"
version = "2.1.3"
source = "registry+https://github.com/rust-lang/crates.io-index"
checksum = "10f4872ae94d7b90ae48754df22fd42ad52ce740b8f370b03da4835417403e53"
dependencies = [
 "ucd-trie",
]

[[package]]
name = "pkg-config"
version = "0.3.19"
source = "registry+https://github.com/rust-lang/crates.io-index"
checksum = "3831453b3449ceb48b6d9c7ad7c96d5ea673e9b470a1dc578c2ce6521230884c"

[[package]]
name = "plain"
version = "0.2.3"
source = "registry+https://github.com/rust-lang/crates.io-index"
checksum = "b4596b6d070b27117e987119b4dac604f3c58cfb0b191112e24771b2faeac1a6"

[[package]]
name = "probe-rs"
version = "0.9.0"
source = "git+https://github.com/probe-rs/probe-rs?branch=logging-generalize#9c3589578691804c2136309eb3d14e270ca86bd6"
dependencies = [
 "anyhow",
 "base64",
 "bitfield",
 "bitvec",
 "enum-primitive-derive",
 "gimli 0.22.0",
 "goblin",
 "hidapi",
 "ihex",
 "jaylink",
 "jep106",
 "lazy_static",
 "log",
 "num-traits",
 "object 0.21.1",
 "probe-rs-t2rust 0.6.0 (git+https://github.com/probe-rs/probe-rs?branch=logging-generalize)",
 "rusb",
 "scroll",
 "serde",
 "serde_yaml",
 "svg",
 "thiserror",
]

[[package]]
name = "probe-rs"
version = "0.9.0"
source = "git+https://github.com/probe-rs/probe-rs#ec5e498e3238cac896edc84bd0d1288e71325a04"
dependencies = [
 "anyhow",
 "base64",
 "bitfield",
 "enum-primitive-derive",
 "gimli 0.23.0",
 "goblin",
 "hidapi",
 "ihex",
 "jaylink",
 "jep106",
 "lazy_static",
 "log",
 "num-traits",
 "object 0.22.0",
 "probe-rs-t2rust 0.6.0 (git+https://github.com/probe-rs/probe-rs)",
 "rusb",
 "scroll",
 "serde",
 "serde_yaml",
 "svg",
 "thiserror",
]

[[package]]
name = "probe-rs-cli-util"
version = "0.9.0"
source = "git+https://github.com/probe-rs/probe-rs?branch=logging-generalize#9c3589578691804c2136309eb3d14e270ca86bd6"
dependencies = [
 "anyhow",
 "cargo_metadata",
 "cargo_toml",
 "colored",
 "env_logger",
 "indicatif",
 "lazy_static",
 "log",
 "probe-rs 0.9.0 (git+https://github.com/probe-rs/probe-rs?branch=logging-generalize)",
 "serde",
 "structopt",
]

[[package]]
name = "probe-rs-t2rust"
version = "0.6.0"
source = "git+https://github.com/probe-rs/probe-rs?branch=logging-generalize#9c3589578691804c2136309eb3d14e270ca86bd6"
dependencies = [
 "base64",
 "proc-macro2",
 "quote",
 "scroll",
 "serde_yaml",
]

[[package]]
name = "probe-rs-t2rust"
version = "0.6.0"
source = "git+https://github.com/probe-rs/probe-rs#ec5e498e3238cac896edc84bd0d1288e71325a04"
dependencies = [
 "base64",
 "proc-macro2",
 "quote",
 "scroll",
 "serde_yaml",
]

[[package]]
name = "proc-macro-error"
version = "1.0.4"
source = "registry+https://github.com/rust-lang/crates.io-index"
checksum = "da25490ff9892aab3fcf7c36f08cfb902dd3e71ca0f9f9517bea02a73a5ce38c"
dependencies = [
 "proc-macro-error-attr",
 "proc-macro2",
 "quote",
 "syn",
 "version_check",
]

[[package]]
name = "proc-macro-error-attr"
version = "1.0.4"
source = "registry+https://github.com/rust-lang/crates.io-index"
checksum = "a1be40180e52ecc98ad80b184934baf3d0d29f979574e439af5a55274b35f869"
dependencies = [
 "proc-macro2",
 "quote",
 "version_check",
]

[[package]]
name = "proc-macro2"
version = "1.0.24"
source = "registry+https://github.com/rust-lang/crates.io-index"
checksum = "1e0704ee1a7e00d7bb417d0770ea303c1bccbabf0ef1667dae92b5967f5f8a71"
dependencies = [
 "unicode-xid",
]

[[package]]
name = "quote"
version = "1.0.7"
source = "registry+https://github.com/rust-lang/crates.io-index"
checksum = "aa563d17ecb180e500da1cfd2b028310ac758de548efdd203e18f283af693f37"
dependencies = [
 "proc-macro2",
]

[[package]]
name = "radium"
version = "0.3.0"
source = "registry+https://github.com/rust-lang/crates.io-index"
checksum = "def50a86306165861203e7f84ecffbbdfdea79f0e51039b33de1e952358c47ac"

[[package]]
name = "redox_syscall"
version = "0.1.57"
source = "registry+https://github.com/rust-lang/crates.io-index"
checksum = "41cc0f7e4d5d4544e8861606a285bb08d3e70712ccc7d2b84d7c0ccfaf4b05ce"

[[package]]
name = "regex"
version = "1.4.2"
source = "registry+https://github.com/rust-lang/crates.io-index"
checksum = "38cf2c13ed4745de91a5eb834e11c00bcc3709e773173b2ce4c56c9fbde04b9c"
dependencies = [
 "aho-corasick",
 "memchr",
 "regex-syntax",
 "thread_local",
]

[[package]]
name = "regex-syntax"
version = "0.6.21"
source = "registry+https://github.com/rust-lang/crates.io-index"
checksum = "3b181ba2dcf07aaccad5448e8ead58db5b742cf85dfe035e2227f137a539a189"

[[package]]
name = "rle-decode-fast"
version = "1.0.1"
source = "registry+https://github.com/rust-lang/crates.io-index"
checksum = "cabe4fa914dec5870285fa7f71f602645da47c486e68486d2b4ceb4a343e90ac"

[[package]]
name = "rusb"
version = "0.6.5"
source = "registry+https://github.com/rust-lang/crates.io-index"
checksum = "f6f32cd45962594f9f8cd4547b5757132715600e2c8840aa9ccd3d1a9ed6fdc6"
dependencies = [
 "libc",
 "libusb1-sys",
]

[[package]]
name = "ryu"
version = "1.0.5"
source = "registry+https://github.com/rust-lang/crates.io-index"
checksum = "71d301d4193d031abdd79ff7e3dd721168a9572ef3fe51a1517aba235bd8f86e"

[[package]]
name = "scroll"
version = "0.10.2"
source = "registry+https://github.com/rust-lang/crates.io-index"
checksum = "fda28d4b4830b807a8b43f7b0e6b5df875311b3e7621d84577188c175b6ec1ec"
dependencies = [
 "scroll_derive",
]

[[package]]
name = "scroll_derive"
version = "0.10.4"
source = "registry+https://github.com/rust-lang/crates.io-index"
checksum = "b12bd20b94c7cdfda8c7ba9b92ad0d9a56e3fa018c25fca83b51aa664c9b4c0d"
dependencies = [
 "proc-macro2",
 "quote",
 "syn",
]

[[package]]
name = "semver"
version = "0.11.0"
source = "registry+https://github.com/rust-lang/crates.io-index"
checksum = "f301af10236f6df4160f7c3f04eec6dbc70ace82d23326abad5edee88801c6b6"
dependencies = [
 "semver-parser",
 "serde",
]

[[package]]
name = "semver-parser"
version = "0.10.1"
source = "registry+https://github.com/rust-lang/crates.io-index"
checksum = "42ef146c2ad5e5f4b037cd6ce2ebb775401729b19a82040c1beac9d36c7d1428"
dependencies = [
 "pest",
]

[[package]]
name = "serde"
version = "1.0.117"
source = "registry+https://github.com/rust-lang/crates.io-index"
checksum = "b88fa983de7720629c9387e9f517353ed404164b1e482c970a90c1a4aaf7dc1a"
dependencies = [
 "serde_derive",
]

[[package]]
name = "serde_derive"
version = "1.0.117"
source = "registry+https://github.com/rust-lang/crates.io-index"
checksum = "cbd1ae72adb44aab48f325a02444a5fc079349a8d804c1fc922aed3f7454c74e"
dependencies = [
 "proc-macro2",
 "quote",
 "syn",
]

[[package]]
name = "serde_json"
version = "1.0.59"
source = "registry+https://github.com/rust-lang/crates.io-index"
checksum = "dcac07dbffa1c65e7f816ab9eba78eb142c6d44410f4eeba1e26e4f5dfa56b95"
dependencies = [
 "itoa",
 "ryu",
 "serde",
]

[[package]]
name = "serde_yaml"
version = "0.8.14"
source = "registry+https://github.com/rust-lang/crates.io-index"
checksum = "f7baae0a99f1a324984bcdc5f0718384c1f69775f1c7eec8b859b71b443e3fd7"
dependencies = [
 "dtoa",
 "linked-hash-map",
 "serde",
 "yaml-rust",
]

[[package]]
name = "stable_deref_trait"
version = "1.2.0"
source = "registry+https://github.com/rust-lang/crates.io-index"
checksum = "a8f112729512f8e442d81f95a8a7ddf2b7c6b8a1a6f509a95864142b30cab2d3"

[[package]]
name = "strsim"
version = "0.8.0"
source = "registry+https://github.com/rust-lang/crates.io-index"
checksum = "8ea5119cdb4c55b55d432abb513a0429384878c15dde60cc77b1c99de1a95a6a"

[[package]]
name = "structopt"
version = "0.3.20"
source = "registry+https://github.com/rust-lang/crates.io-index"
checksum = "126d630294ec449fae0b16f964e35bf3c74f940da9dca17ee9b905f7b3112eb8"
dependencies = [
 "clap",
 "lazy_static",
 "structopt-derive",
]

[[package]]
name = "structopt-derive"
version = "0.4.13"
source = "registry+https://github.com/rust-lang/crates.io-index"
checksum = "65e51c492f9e23a220534971ff5afc14037289de430e3c83f9daf6a1b6ae91e8"
dependencies = [
 "heck",
 "proc-macro-error",
 "proc-macro2",
 "quote",
 "syn",
]

[[package]]
name = "svg"
version = "0.8.0"
source = "registry+https://github.com/rust-lang/crates.io-index"
checksum = "0b65a64d32a41db2a8081aa03c1ccca26f246ff681add693f8b01307b137da79"

[[package]]
name = "syn"
version = "1.0.48"
source = "registry+https://github.com/rust-lang/crates.io-index"
checksum = "cc371affeffc477f42a221a1e4297aedcea33d47d19b61455588bd9d8f6b19ac"
dependencies = [
 "proc-macro2",
 "quote",
 "unicode-xid",
]

[[package]]
name = "tar"
version = "0.4.30"
source = "registry+https://github.com/rust-lang/crates.io-index"
checksum = "489997b7557e9a43e192c527face4feacc78bfbe6eed67fd55c4c9e381cba290"
dependencies = [
 "filetime",
 "libc",
 "redox_syscall",
 "xattr",
]

[[package]]
name = "termcolor"
version = "1.1.0"
source = "registry+https://github.com/rust-lang/crates.io-index"
checksum = "bb6bfa289a4d7c5766392812c0a1f4c1ba45afa1ad47803c11e1f407d846d75f"
dependencies = [
 "winapi-util",
]

[[package]]
name = "terminal_size"
version = "0.1.13"
source = "registry+https://github.com/rust-lang/crates.io-index"
checksum = "9a14cd9f8c72704232f0bfc8455c0e861f0ad4eb60cc9ec8a170e231414c1e13"
dependencies = [
 "libc",
 "winapi",
]

[[package]]
name = "textwrap"
version = "0.11.0"
source = "registry+https://github.com/rust-lang/crates.io-index"
checksum = "d326610f408c7a4eb6f51c37c330e496b08506c9457c9d34287ecc38809fb060"
dependencies = [
 "unicode-width",
]

[[package]]
name = "thiserror"
version = "1.0.22"
source = "registry+https://github.com/rust-lang/crates.io-index"
checksum = "0e9ae34b84616eedaaf1e9dd6026dbe00dcafa92aa0c8077cb69df1fcfe5e53e"
dependencies = [
 "thiserror-impl",
]

[[package]]
name = "thiserror-impl"
version = "1.0.22"
source = "registry+https://github.com/rust-lang/crates.io-index"
checksum = "9ba20f23e85b10754cd195504aebf6a27e2e6cbe28c17778a0c930724628dd56"
dependencies = [
 "proc-macro2",
 "quote",
 "syn",
]

[[package]]
name = "thread_local"
version = "1.0.1"
source = "registry+https://github.com/rust-lang/crates.io-index"
checksum = "d40c6d1b69745a6ec6fb1ca717914848da4b44ae29d9b3080cbee91d72a69b14"
dependencies = [
 "lazy_static",
]

[[package]]
name = "toml"
version = "0.5.7"
source = "registry+https://github.com/rust-lang/crates.io-index"
checksum = "75cf45bb0bef80604d001caaec0d09da99611b3c0fd39d3080468875cdb65645"
dependencies = [
 "serde",
]

[[package]]
name = "ucd-trie"
version = "0.1.3"
source = "registry+https://github.com/rust-lang/crates.io-index"
checksum = "56dee185309b50d1f11bfedef0fe6d036842e3fb77413abef29f8f8d1c5d4c1c"

[[package]]
name = "unicode-segmentation"
version = "1.6.0"
source = "registry+https://github.com/rust-lang/crates.io-index"
checksum = "e83e153d1053cbb5a118eeff7fd5be06ed99153f00dbcd8ae310c5fb2b22edc0"

[[package]]
name = "unicode-width"
version = "0.1.8"
source = "registry+https://github.com/rust-lang/crates.io-index"
checksum = "9337591893a19b88d8d87f2cec1e73fad5cdfd10e5a6f349f498ad6ea2ffb1e3"

[[package]]
name = "unicode-xid"
version = "0.2.1"
source = "registry+https://github.com/rust-lang/crates.io-index"
checksum = "f7fe0bb3479651439c9112f72b6c505038574c9fbb575ed1bf3b797fa39dd564"

[[package]]
name = "vcpkg"
version = "0.2.10"
source = "registry+https://github.com/rust-lang/crates.io-index"
checksum = "6454029bf181f092ad1b853286f23e2c507d8e8194d01d92da4a55c274a5508c"

[[package]]
name = "vec_map"
version = "0.8.2"
source = "registry+https://github.com/rust-lang/crates.io-index"
checksum = "f1bddf1187be692e79c5ffeab891132dfb0f236ed36a43c7ed39f1165ee20191"

[[package]]
name = "version_check"
version = "0.9.2"
source = "registry+https://github.com/rust-lang/crates.io-index"
checksum = "b5a972e5669d67ba988ce3dc826706fb0a8b01471c088cb0b6110b805cc36aed"

[[package]]
name = "wasmparser"
version = "0.57.0"
source = "registry+https://github.com/rust-lang/crates.io-index"
checksum = "32fddd575d477c6e9702484139cf9f23dcd554b06d185ed0f56c857dd3a47aa6"

[[package]]
name = "winapi"
version = "0.3.9"
source = "registry+https://github.com/rust-lang/crates.io-index"
checksum = "5c839a674fcd7a98952e593242ea400abe93992746761e38641405d28b00f419"
dependencies = [
 "winapi-i686-pc-windows-gnu",
 "winapi-x86_64-pc-windows-gnu",
]

[[package]]
name = "winapi-i686-pc-windows-gnu"
version = "0.4.0"
source = "registry+https://github.com/rust-lang/crates.io-index"
checksum = "ac3b87c63620426dd9b991e5ce0329eff545bccbbb34f3be09ff6fb6ab51b7b6"

[[package]]
name = "winapi-util"
version = "0.1.5"
source = "registry+https://github.com/rust-lang/crates.io-index"
checksum = "70ec6ce85bb158151cae5e5c87f95a8e97d2c0c4b001223f33a334e3ce5de178"
dependencies = [
 "winapi",
]

[[package]]
name = "winapi-x86_64-pc-windows-gnu"
version = "0.4.0"
source = "registry+https://github.com/rust-lang/crates.io-index"
checksum = "712e227841d057c1ee1cd2fb22fa7e5a5461ae8e48fa2ca79ec42cfc1931183f"

[[package]]
name = "xattr"
version = "0.2.2"
source = "registry+https://github.com/rust-lang/crates.io-index"
checksum = "244c3741f4240ef46274860397c7c74e50eb23624996930e484c16679633a54c"
dependencies = [
 "libc",
]

[[package]]
name = "yaml-rust"
version = "0.4.4"
source = "registry+https://github.com/rust-lang/crates.io-index"
checksum = "39f0c922f1a334134dc2f7a8b67dc5d25f0735263feec974345ff706bcf20b0d"
dependencies = [
 "linked-hash-map",
]
