# This file is automatically @generated by Cargo.
# It is not intended for manual editing.
version = 4

[[package]]
name = "flash-algorithm"
version = "0.7.0"
source = "registry+https://github.com/rust-lang/crates.io-index"
checksum = "2797e1e92b08ee496362cb61e822388e6d1fa5ba1b7e03b21706dcc26a4e305f"

[[package]]
name = "ws63-flash-algorithm"
version = "0.1.0"
dependencies = [
 "flash-algorithm",
]
